
Microsoft Visual Studio Solution File, Format Version 12.00
# Visual Studio 15
VisualStudioVersion = 15.0.28307.106
MinimumVisualStudioVersion = 10.0.40219.1
Project("{FAE04EC0-301F-11D3-BF4B-00C04F79EFBC}") = "YMApp2", "YMApp2.csproj", "{F94E56FF-2AD4-43AD-BFFA-58795A7A3D5C}"
EndProject
Global
	GlobalSection(SolutionConfigurationPlatforms) = preSolution
		Debug|Any CPU = Debug|Any CPU
		Release|Any CPU = Release|Any CPU
	EndGlobalSection
	GlobalSection(ProjectConfigurationPlatforms) = postSolution
		{F94E56FF-2AD4-43AD-BFFA-58795A7A3D5C}.Debug|Any CPU.ActiveCfg = Debug|Any CPU
		{F94E56FF-2AD4-43AD-BFFA-58795A7A3D5C}.Debug|Any CPU.Build.0 = Debug|Any CPU
		{F94E56FF-2AD4-43AD-BFFA-58795A7A3D5C}.Release|Any CPU.ActiveCfg = Release|Any CPU
		{F94E56FF-2AD4-43AD-BFFA-58795A7A3D5C}.Release|Any CPU.Build.0 = Release|Any CPU
	EndGlobalSection
	GlobalSection(SolutionProperties) = preSolution
		HideSolutionNode = FALSE
	EndGlobalSection
	GlobalSection(ExtensibilityGlobals) = postSolution
		SolutionGuid = {94DB5065-28D6-4AB3-8C18-F2D292DBA3CC}
	EndGlobalSection
EndGlobal
